// !$*UTF8*$!
{
	archiveVersion = 1;
	classes = {
	};
	objectVersion = 46;
	objects = {

/* Begin PBXBuildFile section */
		B493A7A51DAE2E8D00883638 /* AppDelegate.swift in Sources */ = {isa = PBXBuildFile; fileRef = B493A7A41DAE2E8D00883638 /* AppDelegate.swift */; };
		B493A7A71DAE2E8D00883638 /* ViewController.swift in Sources */ = {isa = PBXBuildFile; fileRef = B493A7A61DAE2E8D00883638 /* ViewController.swift */; };
		B493A7AA1DAE2E8D00883638 /* Main.storyboard in Resources */ = {isa = PBXBuildFile; fileRef = B493A7A81DAE2E8D00883638 /* Main.storyboard */; };
		B493A7AD1DAE2E8D00883638 /* Weather.xcdatamodeld in Sources */ = {isa = PBXBuildFile; fileRef = B493A7AB1DAE2E8D00883638 /* Weather.xcdatamodeld */; };
		B493A7AF1DAE2E8D00883638 /* Assets.xcassets in Resources */ = {isa = PBXBuildFile; fileRef = B493A7AE1DAE2E8D00883638 /* Assets.xcassets */; };
		B493A7B21DAE2E8D00883638 /* LaunchScreen.storyboard in Resources */ = {isa = PBXBuildFile; fileRef = B493A7B01DAE2E8D00883638 /* LaunchScreen.storyboard */; };
		B493A7BA1DAE322D00883638 /* starry-night-1149815_1920.jpg in Resources */ = {isa = PBXBuildFile; fileRef = B493A7B91DAE322D00883638 /* starry-night-1149815_1920.jpg */; };
/* End PBXBuildFile section */

/* Begin PBXFileReference section */
		B493A7A11DAE2E8D00883638 /* Weather.app */ = {isa = PBXFileReference; explicitFileType = wrapper.application; includeInIndex = 0; path = Weather.app; sourceTree = BUILT_PRODUCTS_DIR; };
		B493A7A41DAE2E8D00883638 /* AppDelegate.swift */ = {isa = PBXFileReference; lastKnownFileType = sourcecode.swift; path = AppDelegate.swift; sourceTree = "<group>"; };
		B493A7A61DAE2E8D00883638 /* ViewController.swift */ = {isa = PBXFileReference; lastKnownFileType = sourcecode.swift; path = ViewController.swift; sourceTree = "<group>"; };
		B493A7A91DAE2E8D00883638 /* Base */ = {isa = PBXFileReference; lastKnownFileType = file.storyboard; name = Base; path = Base.lproj/Main.storyboard; sourceTree = "<group>"; };
		B493A7AC1DAE2E8D00883638 /* Weather.xcdatamodel */ = {isa = PBXFileReference; lastKnownFileType = wrapper.xcdatamodel; path = Weather.xcdatamodel; sourceTree = "<group>"; };
		B493A7AE1DAE2E8D00883638 /* Assets.xcassets */ = {isa = PBXFileReference; lastKnownFileType = folder.assetcatalog; path = Assets.xcassets; sourceTree = "<group>"; };
		B493A7B11DAE2E8D00883638 /* Base */ = {isa = PBXFileReference; lastKnownFileType = file.storyboard; name = Base; path = Base.lproj/LaunchScreen.storyboard; sourceTree = "<group>"; };
		B493A7B31DAE2E8D00883638 /* Info.plist */ = {isa = PBXFileReference; lastKnownFileType = text.plist.xml; path = Info.plist; sourceTree = "<group>"; };
		B493A7B91DAE322D00883638 /* starry-night-1149815_1920.jpg */ = {isa = PBXFileReference; lastKnownFileType = image.jpeg; name = "starry-night-1149815_1920.jpg"; path = "../../../../../Downloads/starry-night-1149815_1920.jpg"; sourceTree = "<group>"; };
/* End PBXFileReference section */

/* Begin PBXFrameworksBuildPhase section */
		B493A79E1DAE2E8D00883638 /* Frameworks */ = {
			isa = PBXFrameworksBuildPhase;
			buildActionMask = 2147483647;
			files = (
			);
			runOnlyForDeploymentPostprocessing = 0;
		};
/* End PBXFrameworksBuildPhase section */

/* Begin PBXGroup section */
		B493A7981DAE2E8D00883638 = {
			isa = PBXGroup;
			children = (
				B493A7A31DAE2E8D00883638 /* Weather */,
				B493A7A21DAE2E8D00883638 /* Products */,
			);
			sourceTree = "<group>";
		};
		B493A7A21DAE2E8D00883638 /* Products */ = {
			isa = PBXGroup;
			children = (
				B493A7A11DAE2E8D00883638 /* Weather.app */,
			);
			name = Products;
			sourceTree = "<group>";
		};
		B493A7A31DAE2E8D00883638 /* Weather */ = {
			isa = PBXGroup;
			children = (
				B493A7A41DAE2E8D00883638 /* AppDelegate.swift */,
				B493A7A61DAE2E8D00883638 /* ViewController.swift */,
				B493A7B91DAE322D00883638 /* starry-night-1149815_1920.jpg */,
				B493A7A81DAE2E8D00883638 /* Main.storyboard */,
				B493A7AE1DAE2E8D00883638 /* Assets.xcassets */,
				B493A7B01DAE2E8D00883638 /* LaunchScreen.storyboard */,
				B493A7B31DAE2E8D00883638 /* Info.plist */,
				B493A7AB1DAE2E8D00883638 /* Weather.xcdatamodeld */,
			);
			path = Weather;
			sourceTree = "<group>";
		};
/* End PBXGroup section */

/* Begin PBXNativeTarget section */
		B493A7A01DAE2E8D00883638 /* Weather */ = {
			isa = PBXNativeTarget;
			buildConfigurationList = B493A7B61DAE2E8D00883638 /* Build configuration list for PBXNativeTarget "Weather" */;
			buildPhases = (
				B493A79D1DAE2E8D00883638 /* Sources */,
				B493A79E1DAE2E8D00883638 /* Frameworks */,
				B493A79F1DAE2E8D00883638 /* Resources */,
			);
			buildRules = (
			);
			dependencies = (
			);
			name = Weather;
			productName = Weather;
			productReference = B493A7A11DAE2E8D00883638 /* Weather.app */;
			productType = "com.apple.product-type.application";
		};
/* End PBXNativeTarget section */

/* Begin PBXProject section */
		B493A7991DAE2E8D00883638 /* Project object */ = {
			isa = PBXProject;
			attributes = {
				LastSwiftUpdateCheck = 0720;
				LastUpgradeCheck = 0720;
				ORGANIZATIONNAME = "Ricardo Maduro";
				TargetAttributes = {
					B493A7A01DAE2E8D00883638 = {
						CreatedOnToolsVersion = 7.2.1;
					};
				};
			};
			buildConfigurationList = B493A79C1DAE2E8D00883638 /* Build configuration list for PBXProject "Weather" */;
			compatibilityVersion = "Xcode 3.2";
			developmentRegion = English;
			hasScannedForEncodings = 0;
			knownRegions = (
				en,
				Base,
			);
			mainGroup = B493A7981DAE2E8D00883638;
			productRefGroup = B493A7A21DAE2E8D00883638 /* Products */;
			projectDirPath = "";
			projectRoot = "";
			targets = (
				B493A7A01DAE2E8D00883638 /* Weather */,
			);
		};
/* End PBXProject section */

/* Begin PBXResourcesBuildPhase section */
		B493A79F1DAE2E8D00883638 /* Resources */ = {
			isa = PBXResourcesBuildPhase;
			buildActionMask = 2147483647;
			files = (
				B493A7B21DAE2E8D00883638 /* LaunchScreen.storyboard in Resources */,
				B493A7BA1DAE322D00883638 /* starry-night-1149815_1920.jpg in Resources */,
				B493A7AF1DAE2E8D00883638 /* Assets.xcassets in Resources */,
				B493A7AA1DAE2E8D00883638 /* Main.storyboard in Resources */,
			);
			runOnlyForDeploymentPostprocessing = 0;
		};
/* End PBXResourcesBuildPhase section */

/* Begin PBXSourcesBuildPhase section */
		B493A79D1DAE2E8D00883638 /* Sources */ = {
			isa = PBXSourcesBuildPhase;
			buildActionMask = 2147483647;
			files = (
				B493A7AD1DAE2E8D00883638 /* Weather.xcdatamodeld in Sources */,
				B493A7A71DAE2E8D00883638 /* ViewController.swift in Sources */,
				B493A7A51DAE2E8D00883638 /* AppDelegate.swift in Sources */,
			);
			runOnlyForDeploymentPostprocessing = 0;
		};
/* End PBXSourcesBuildPhase section */

/* Begin PBXVariantGroup section */
		B493A7A81DAE2E8D00883638 /* Main.storyboard */ = {
			isa = PBXVariantGroup;
			children = (
				B493A7A91DAE2E8D00883638 /* Base */,
			);
			name = Main.storyboard;
			sourceTree = "<group>";
		};
		B493A7B01DAE2E8D00883638 /* LaunchScreen.storyboard */ = {
			isa = PBXVariantGroup;
			children = (
				B493A7B11DAE2E8D00883638 /* Base */,
			);
			name = LaunchScreen.storyboard;
			sourceTree = "<group>";
		};
/* End PBXVariantGroup section */

/* Begin XCBuildConfiguration section */
		B493A7B41DAE2E8D00883638 /* Debug */ = {
			isa = XCBuildConfiguration;
			buildSettings = {
				ALWAYS_SEARCH_USER_PATHS = NO;
				CLANG_CXX_LANGUAGE_STANDARD = "gnu++0x";
				CLANG_CXX_LIBRARY = "libc++";
				CLANG_ENABLE_MODULES = YES;
				CLANG_ENABLE_OBJC_ARC = YES;
				CLANG_WARN_BOOL_CONVERSION = YES;
				CLANG_WARN_CONSTANT_CONVERSION = YES;
				CLANG_WARN_DIRECT_OBJC_ISA_USAGE = YES_ERROR;
				CLANG_WARN_EMPTY_BODY = YES;
				CLANG_WARN_ENUM_CONVERSION = YES;
				CLANG_WARN_INT_CONVERSION = YES;
				CLANG_WARN_OBJC_ROOT_CLASS = YES_ERROR;
				CLANG_WARN_UNREACHABLE_CODE = YES;
				CLANG_WARN__DUPLICATE_METHOD_MATCH = YES;
				"CODE_SIGN_IDENTITY[sdk=iphoneos*]" = "iPhone Developer";
				COPY_PHASE_STRIP = NO;
				DEBUG_INFORMATION_FORMAT = dwarf;
				ENABLE_STRICT_OBJC_MSGSEND = YES;
				ENABLE_TESTABILITY = YES;
				GCC_C_LANGUAGE_STANDARD = gnu99;
				GCC_DYNAMIC_NO_PIC = NO;
				GCC_NO_COMMON_BLOCKS = YES;
				GCC_OPTIMIZATION_LEVEL = 0;
				GCC_PREPROCESSOR_DEFINITIONS = (
					"DEBUG=1",
					"$(inherited)",
				);
				GCC_WARN_64_TO_32_BIT_CONVERSION = YES;
				GCC_WARN_ABOUT_RETURN_TYPE = YES_ERROR;
				GCC_WARN_UNDECLARED_SELECTOR = YES;
				GCC_WARN_UNINITIALIZED_AUTOS = YES_AGGRESSIVE;
				GCC_WARN_UNUSED_FUNCTION = YES;
				GCC_WARN_UNUSED_VARIABLE = YES;
				IPHONEOS_DEPLOYMENT_TARGET = 9.2;
				MTL_ENABLE_DEBUG_INFO = YES;
				ONLY_ACTIVE_ARCH = YES;
				SDKROOT = iphoneos;
				SWIFT_OPTIMIZATION_LEVEL = "-Onone";
				TARGETED_DEVICE_FAMILY = "1,2";
			};
			name = Debug;
		};
		B493A7B51DAE2E8D00883638 /* Release */ = {
			isa = XCBuildConfiguration;
			buildSettings = {
				ALWAYS_SEARCH_USER_PATHS = NO;
				CLANG_CXX_LANGUAGE_STANDARD = "gnu++0x";
				CLANG_CXX_LIBRARY = "libc++";
				CLANG_ENABLE_MODULES = YES;
				CLANG_ENABLE_OBJC_ARC = YES;
				CLANG_WARN_BOOL_CONVERSION = YES;
				CLANG_WARN_CONSTANT_CONVERSION = YES;
				CLANG_WARN_DIRECT_OBJC_ISA_USAGE = YES_ERROR;
				CLANG_WARN_EMPTY_BODY = YES;
				CLANG_WARN_ENUM_CONVERSION = YES;
				CLANG_WARN_INT_CONVERSION = YES;
				CLANG_WARN_OBJC_ROOT_CLASS = YES_ERROR;
				CLANG_WARN_UNREACHABLE_CODE = YES;
				CLANG_WARN__DUPLICATE_METHOD_MATCH = YES;
				"CODE_SIGN_IDENTITY[sdk=iphoneos*]" = "iPhone Developer";
				COPY_PHASE_STRIP = NO;
				DEBUG_INFORMATION_FORMAT = "dwarf-with-dsym";
				ENABLE_NS_ASSERTIONS = NO;
				ENABLE_STRICT_OBJC_MSGSEND = YES;
				GCC_C_LANGUAGE_STANDARD = gnu99;
				GCC_NO_COMMON_BLOCKS = YES;
				GCC_WARN_64_TO_32_BIT_CONVERSION = YES;
				GCC_WARN_ABOUT_RETURN_TYPE = YES_ERROR;
				GCC_WARN_UNDECLARED_SELECTOR = YES;
				GCC_WARN_UNINITIALIZED_AUTOS = YES_AGGRESSIVE;
				GCC_WARN_UNUSED_FUNCTION = YES;
				GCC_WARN_UNUSED_VARIABLE = YES;
				IPHONEOS_DEPLOYMENT_TARGET = 9.2;
				MTL_ENABLE_DEBUG_INFO = NO;
				SDKROOT = iphoneos;
				TARGETED_DEVICE_FAMILY = "1,2";
				VALIDATE_PRODUCT = YES;
			};
			name = Release;
		};
		B493A7B71DAE2E8D00883638 /* Debug */ = {
			isa = XCBuildConfiguration;
			buildSettings = {
				ASSETCATALOG_COMPILER_APPICON_NAME = AppIcon;
				INFOPLIST_FILE = Weather/Info.plist;
				LD_RUNPATH_SEARCH_PATHS = "$(inherited) @executable_path/Frameworks";
				PRODUCT_BUNDLE_IDENTIFIER = "-41075-rm-core-data-app.Weather";
				PRODUCT_NAME = "$(TARGET_NAME)";
			};
			name = Debug;
		};
		B493A7B81DAE2E8D00883638 /* Release */ = {
			isa = XCBuildConfiguration;
			buildSettings = {
				ASSETCATALOG_COMPILER_APPICON_NAME = AppIcon;
				INFOPLIST_FILE = Weather/Info.plist;
				LD_RUNPATH_SEARCH_PATHS = "$(inherited) @executable_path/Frameworks";
				PRODUCT_BUNDLE_IDENTIFIER = "-41075-rm-core-data-app.Weather";
				PRODUCT_NAME = "$(TARGET_NAME)";
			};
			name = Release;
		};
/* End XCBuildConfiguration section */

/* Begin XCConfigurationList section */
		B493A79C1DAE2E8D00883638 /* Build configuration list for PBXProject "Weather" */ = {
			isa = XCConfigurationList;
			buildConfigurations = (
				B493A7B41DAE2E8D00883638 /* Debug */,
				B493A7B51DAE2E8D00883638 /* Release */,
			);
			defaultConfigurationIsVisible = 0;
			defaultConfigurationName = Release;
		};
		B493A7B61DAE2E8D00883638 /* Build configuration list for PBXNativeTarget "Weather" */ = {
			isa = XCConfigurationList;
			buildConfigurations = (
				B493A7B71DAE2E8D00883638 /* Debug */,
				B493A7B81DAE2E8D00883638 /* Release */,
			);
			defaultConfigurationIsVisible = 0;
		};
/* End XCConfigurationList section */

/* Begin XCVersionGroup section */
		B493A7AB1DAE2E8D00883638 /* Weather.xcdatamodeld */ = {
			isa = XCVersionGroup;
			children = (
				B493A7AC1DAE2E8D00883638 /* Weather.xcdatamodel */,
			);
			currentVersion = B493A7AC1DAE2E8D00883638 /* Weather.xcdatamodel */;
			path = Weather.xcdatamodeld;
			sourceTree = "<group>";
			versionGroupType = wrapper.xcdatamodel;
		};
/* End XCVersionGroup section */
	};
	rootObject = B493A7991DAE2E8D00883638 /* Project object */;
}
